
Microsoft Visual Studio Solution File, Format Version 12.00
# Visual Studio Version 16
VisualStudioVersion = 16.0.29806.167
MinimumVisualStudioVersion = 10.0.40219.1
Project("{FAE04EC0-301F-11D3-BF4B-00C04F79EFBC}") = "Task_01_class_06", "Task_01_class_06.csproj", "{8E6C119F-F5F4-4554-A8EB-D226FEFBDFFD}"
EndProject
Project("{FAE04EC0-301F-11D3-BF4B-00C04F79EFBC}") = "Task_02_Class_06", "..\Task_02_Class_06\Task_02_Class_06.csproj", "{F0995106-C44D-4B97-AEB0-3610F47C1457}"
EndProject
Global
	GlobalSection(SolutionConfigurationPlatforms) = preSolution
		Debug|Any CPU = Debug|Any CPU
		Release|Any CPU = Release|Any CPU
	EndGlobalSection
	GlobalSection(ProjectConfigurationPlatforms) = postSolution
		{8E6C119F-F5F4-4554-A8EB-D226FEFBDFFD}.Debug|Any CPU.ActiveCfg = Debug|Any CPU
		{8E6C119F-F5F4-4554-A8EB-D226FEFBDFFD}.Debug|Any CPU.Build.0 = Debug|Any CPU
		{8E6C119F-F5F4-4554-A8EB-D226FEFBDFFD}.Release|Any CPU.ActiveCfg = Release|Any CPU
		{8E6C119F-F5F4-4554-A8EB-D226FEFBDFFD}.Release|Any CPU.Build.0 = Release|Any CPU
		{F0995106-C44D-4B97-AEB0-3610F47C1457}.Debug|Any CPU.ActiveCfg = Debug|Any CPU
		{F0995106-C44D-4B97-AEB0-3610F47C1457}.Debug|Any CPU.Build.0 = Debug|Any CPU
		{F0995106-C44D-4B97-AEB0-3610F47C1457}.Release|Any CPU.ActiveCfg = Release|Any CPU
		{F0995106-C44D-4B97-AEB0-3610F47C1457}.Release|Any CPU.Build.0 = Release|Any CPU
	EndGlobalSection
	GlobalSection(SolutionProperties) = preSolution
		HideSolutionNode = FALSE
	EndGlobalSection
	GlobalSection(ExtensibilityGlobals) = postSolution
		SolutionGuid = {F338E6A1-D1F3-41BD-B59C-646651565780}
	EndGlobalSection
EndGlobal
