
Microsoft Visual Studio Solution File, Format Version 12.00
# Visual Studio Version 16
VisualStudioVersion = 16.0.30011.22
MinimumVisualStudioVersion = 10.0.40219.1
Project("{FAE04EC0-301F-11D3-BF4B-00C04F79EFBC}") = "LottaryApp", "LottaryApp\LottaryApp.csproj", "{DCC75841-64AC-4611-9130-AC17871506E2}"
EndProject
Project("{FAE04EC0-301F-11D3-BF4B-00C04F79EFBC}") = "LottoService", "LottoService\LottoService.csproj", "{EC395425-29EC-40B1-B23E-AD1A736F9607}"
EndProject
Global
	GlobalSection(SolutionConfigurationPlatforms) = preSolution
		Debug|Any CPU = Debug|Any CPU
		Release|Any CPU = Release|Any CPU
	EndGlobalSection
	GlobalSection(ProjectConfigurationPlatforms) = postSolution
		{DCC75841-64AC-4611-9130-AC17871506E2}.Debug|Any CPU.ActiveCfg = Debug|Any CPU
		{DCC75841-64AC-4611-9130-AC17871506E2}.Debug|Any CPU.Build.0 = Debug|Any CPU
		{DCC75841-64AC-4611-9130-AC17871506E2}.Release|Any CPU.ActiveCfg = Release|Any CPU
		{DCC75841-64AC-4611-9130-AC17871506E2}.Release|Any CPU.Build.0 = Release|Any CPU
		{EC395425-29EC-40B1-B23E-AD1A736F9607}.Debug|Any CPU.ActiveCfg = Debug|Any CPU
		{EC395425-29EC-40B1-B23E-AD1A736F9607}.Debug|Any CPU.Build.0 = Debug|Any CPU
		{EC395425-29EC-40B1-B23E-AD1A736F9607}.Release|Any CPU.ActiveCfg = Release|Any CPU
		{EC395425-29EC-40B1-B23E-AD1A736F9607}.Release|Any CPU.Build.0 = Release|Any CPU
	EndGlobalSection
	GlobalSection(SolutionProperties) = preSolution
		HideSolutionNode = FALSE
	EndGlobalSection
	GlobalSection(ExtensibilityGlobals) = postSolution
		SolutionGuid = {18B07FCC-42AA-468D-8CAB-433BAEF3421E}
	EndGlobalSection
EndGlobal
